
Microsoft Visual Studio Solution File, Format Version 12.00
# Visual Studio Version 17
VisualStudioVersion = 17.7.34024.191
MinimumVisualStudioVersion = 10.0.40219.1
Project("{9A19103F-16F7-4668-BE54-9A1E7A4F7556}") = "AdvPractice2", "AdvPractice2.csproj", "{61BABD3F-D98F-439A-9578-97DE01551EF4}"
EndProject
Global
	GlobalSection(SolutionConfigurationPlatforms) = preSolution
		Debug|Any CPU = Debug|Any CPU
		Release|Any CPU = Release|Any CPU
	EndGlobalSection
	GlobalSection(ProjectConfigurationPlatforms) = postSolution
		{61BABD3F-D98F-439A-9578-97DE01551EF4}.Debug|Any CPU.ActiveCfg = Debug|Any CPU
		{61BABD3F-D98F-439A-9578-97DE01551EF4}.Debug|Any CPU.Build.0 = Debug|Any CPU
		{61BABD3F-D98F-439A-9578-97DE01551EF4}.Release|Any CPU.ActiveCfg = Release|Any CPU
		{61BABD3F-D98F-439A-9578-97DE01551EF4}.Release|Any CPU.Build.0 = Release|Any CPU
	EndGlobalSection
	GlobalSection(SolutionProperties) = preSolution
		HideSolutionNode = FALSE
	EndGlobalSection
	GlobalSection(ExtensibilityGlobals) = postSolution
		SolutionGuid = {749C1652-98EE-4D99-B6E0-C09F48C11C11}
	EndGlobalSection
EndGlobal
